// !$*UTF8*$!
{
	archiveVersion = 1;
	classes = {
	};
	objectVersion = 46;
	objects = {

/* Begin PBXBuildFile section */
		5EB9781D1BA2DC1C005F70C7 /* main.m in Sources */ = {isa = PBXBuildFile; fileRef = 5EB9781C1BA2DC1C005F70C7 /* main.m */; };
		5EB978201BA2DC1C005F70C7 /* AppDelegate.m in Sources */ = {isa = PBXBuildFile; fileRef = 5EB9781F1BA2DC1C005F70C7 /* AppDelegate.m */; };
		5EB978231BA2DC1C005F70C7 /* ViewController.m in Sources */ = {isa = PBXBuildFile; fileRef = 5EB978221BA2DC1C005F70C7 /* ViewController.m */; };
		5EB978261BA2DC1C005F70C7 /* Main.storyboard in Resources */ = {isa = PBXBuildFile; fileRef = 5EB978241BA2DC1C005F70C7 /* Main.storyboard */; };
		5EB978281BA2DC1C005F70C7 /* Images.xcassets in Resources */ = {isa = PBXBuildFile; fileRef = 5EB978271BA2DC1C005F70C7 /* Images.xcassets */; };
		5EB9782B1BA2DC1C005F70C7 /* LaunchScreen.xib in Resources */ = {isa = PBXBuildFile; fileRef = 5EB978291BA2DC1C005F70C7 /* LaunchScreen.xib */; };
		5EB978371BA2DC1C005F70C7 /* SimpleAFSampleTests.m in Sources */ = {isa = PBXBuildFile; fileRef = 5EB978361BA2DC1C005F70C7 /* SimpleAFSampleTests.m */; };
		A29DD2358D345B7589CA712B /* libPods-SimpleAFSample.a in Frameworks */ = {isa = PBXBuildFile; fileRef = C1138742D3E19B1701AF01AF /* libPods-SimpleAFSample.a */; };
/* End PBXBuildFile section */

/* Begin PBXContainerItemProxy section */
		5EB978311BA2DC1C005F70C7 /* PBXContainerItemProxy */ = {
			isa = PBXContainerItemProxy;
			containerPortal = 5EB9780F1BA2DC1C005F70C7 /* Project object */;
			proxyType = 1;
			remoteGlobalIDString = 5EB978161BA2DC1C005F70C7;
			remoteInfo = SimpleAFSample;
		};
/* End PBXContainerItemProxy section */

/* Begin PBXFileReference section */
		3D32A562F8649C230DF0EF9A /* Pods-SimpleAFSample.release.xcconfig */ = {isa = PBXFileReference; includeInIndex = 1; lastKnownFileType = text.xcconfig; name = "Pods-SimpleAFSample.release.xcconfig"; path = "Pods/Target Support Files/Pods-SimpleAFSample/Pods-SimpleAFSample.release.xcconfig"; sourceTree = "<group>"; };
		5EB978171BA2DC1C005F70C7 /* SimpleAFSample.app */ = {isa = PBXFileReference; explicitFileType = wrapper.application; includeInIndex = 0; path = SimpleAFSample.app; sourceTree = BUILT_PRODUCTS_DIR; };
		5EB9781B1BA2DC1C005F70C7 /* Info.plist */ = {isa = PBXFileReference; lastKnownFileType = text.plist.xml; path = Info.plist; sourceTree = "<group>"; };
		5EB9781C1BA2DC1C005F70C7 /* main.m */ = {isa = PBXFileReference; lastKnownFileType = sourcecode.c.objc; path = main.m; sourceTree = "<group>"; };
		5EB9781E1BA2DC1C005F70C7 /* AppDelegate.h */ = {isa = PBXFileReference; lastKnownFileType = sourcecode.c.h; path = AppDelegate.h; sourceTree = "<group>"; };
		5EB9781F1BA2DC1C005F70C7 /* AppDelegate.m */ = {isa = PBXFileReference; lastKnownFileType = sourcecode.c.objc; path = AppDelegate.m; sourceTree = "<group>"; };
		5EB978211BA2DC1C005F70C7 /* ViewController.h */ = {isa = PBXFileReference; lastKnownFileType = sourcecode.c.h; path = ViewController.h; sourceTree = "<group>"; };
		5EB978221BA2DC1C005F70C7 /* ViewController.m */ = {isa = PBXFileReference; lastKnownFileType = sourcecode.c.objc; path = ViewController.m; sourceTree = "<group>"; };
		5EB978251BA2DC1C005F70C7 /* Base */ = {isa = PBXFileReference; lastKnownFileType = file.storyboard; name = Base; path = Base.lproj/Main.storyboard; sourceTree = "<group>"; };
		5EB978271BA2DC1C005F70C7 /* Images.xcassets */ = {isa = PBXFileReference; lastKnownFileType = folder.assetcatalog; path = Images.xcassets; sourceTree = "<group>"; };
		5EB9782A1BA2DC1C005F70C7 /* Base */ = {isa = PBXFileReference; lastKnownFileType = file.xib; name = Base; path = Base.lproj/LaunchScreen.xib; sourceTree = "<group>"; };
		5EB978301BA2DC1C005F70C7 /* SimpleAFSampleTests.xctest */ = {isa = PBXFileReference; explicitFileType = wrapper.cfbundle; includeInIndex = 0; path = SimpleAFSampleTests.xctest; sourceTree = BUILT_PRODUCTS_DIR; };
		5EB978351BA2DC1C005F70C7 /* Info.plist */ = {isa = PBXFileReference; lastKnownFileType = text.plist.xml; path = Info.plist; sourceTree = "<group>"; };
		5EB978361BA2DC1C005F70C7 /* SimpleAFSampleTests.m */ = {isa = PBXFileReference; lastKnownFileType = sourcecode.c.objc; path = SimpleAFSampleTests.m; sourceTree = "<group>"; };
		87DACB4925C5AE99EEEB3951 /* Pods-SimpleAFSample.debug.xcconfig */ = {isa = PBXFileReference; includeInIndex = 1; lastKnownFileType = text.xcconfig; name = "Pods-SimpleAFSample.debug.xcconfig"; path = "Pods/Target Support Files/Pods-SimpleAFSample/Pods-SimpleAFSample.debug.xcconfig"; sourceTree = "<group>"; };
		C1138742D3E19B1701AF01AF /* libPods-SimpleAFSample.a */ = {isa = PBXFileReference; explicitFileType = archive.ar; includeInIndex = 0; path = "libPods-SimpleAFSample.a"; sourceTree = BUILT_PRODUCTS_DIR; };
/* End PBXFileReference section */

/* Begin PBXFrameworksBuildPhase section */
		5EB978141BA2DC1C005F70C7 /* Frameworks */ = {
			isa = PBXFrameworksBuildPhase;
			buildActionMask = 2147483647;
			files = (
				A29DD2358D345B7589CA712B /* libPods-SimpleAFSample.a in Frameworks */,
			);
			runOnlyForDeploymentPostprocessing = 0;
		};
		5EB9782D1BA2DC1C005F70C7 /* Frameworks */ = {
			isa = PBXFrameworksBuildPhase;
			buildActionMask = 2147483647;
			files = (
			);
			runOnlyForDeploymentPostprocessing = 0;
		};
/* End PBXFrameworksBuildPhase section */

/* Begin PBXGroup section */
		0226C544CB2623A93D3035B1 /* Frameworks */ = {
			isa = PBXGroup;
			children = (
				C1138742D3E19B1701AF01AF /* libPods-SimpleAFSample.a */,
			);
			name = Frameworks;
			sourceTree = "<group>";
		};
		5EB9780E1BA2DC1C005F70C7 = {
			isa = PBXGroup;
			children = (
				5EB978191BA2DC1C005F70C7 /* SimpleAFSample */,
				5EB978331BA2DC1C005F70C7 /* SimpleAFSampleTests */,
				5EB978181BA2DC1C005F70C7 /* Products */,
				FCE293C7CDD3BE95C938D4FC /* Pods */,
				0226C544CB2623A93D3035B1 /* Frameworks */,
			);
			sourceTree = "<group>";
		};
		5EB978181BA2DC1C005F70C7 /* Products */ = {
			isa = PBXGroup;
			children = (
				5EB978171BA2DC1C005F70C7 /* SimpleAFSample.app */,
				5EB978301BA2DC1C005F70C7 /* SimpleAFSampleTests.xctest */,
			);
			name = Products;
			sourceTree = "<group>";
		};
		5EB978191BA2DC1C005F70C7 /* SimpleAFSample */ = {
			isa = PBXGroup;
			children = (
				5EB9781E1BA2DC1C005F70C7 /* AppDelegate.h */,
				5EB9781F1BA2DC1C005F70C7 /* AppDelegate.m */,
				5EB978211BA2DC1C005F70C7 /* ViewController.h */,
				5EB978221BA2DC1C005F70C7 /* ViewController.m */,
				5EB978241BA2DC1C005F70C7 /* Main.storyboard */,
				5EB978271BA2DC1C005F70C7 /* Images.xcassets */,
				5EB978291BA2DC1C005F70C7 /* LaunchScreen.xib */,
				5EB9781A1BA2DC1C005F70C7 /* Supporting Files */,
			);
			path = SimpleAFSample;
			sourceTree = "<group>";
		};
		5EB9781A1BA2DC1C005F70C7 /* Supporting Files */ = {
			isa = PBXGroup;
			children = (
				5EB9781B1BA2DC1C005F70C7 /* Info.plist */,
				5EB9781C1BA2DC1C005F70C7 /* main.m */,
			);
			name = "Supporting Files";
			sourceTree = "<group>";
		};
		5EB978331BA2DC1C005F70C7 /* SimpleAFSampleTests */ = {
			isa = PBXGroup;
			children = (
				5EB978361BA2DC1C005F70C7 /* SimpleAFSampleTests.m */,
				5EB978341BA2DC1C005F70C7 /* Supporting Files */,
			);
			path = SimpleAFSampleTests;
			sourceTree = "<group>";
		};
		5EB978341BA2DC1C005F70C7 /* Supporting Files */ = {
			isa = PBXGroup;
			children = (
				5EB978351BA2DC1C005F70C7 /* Info.plist */,
			);
			name = "Supporting Files";
			sourceTree = "<group>";
		};
		FCE293C7CDD3BE95C938D4FC /* Pods */ = {
			isa = PBXGroup;
			children = (
				87DACB4925C5AE99EEEB3951 /* Pods-SimpleAFSample.debug.xcconfig */,
				3D32A562F8649C230DF0EF9A /* Pods-SimpleAFSample.release.xcconfig */,
			);
			name = Pods;
			sourceTree = "<group>";
		};
/* End PBXGroup section */

/* Begin PBXNativeTarget section */
		5EB978161BA2DC1C005F70C7 /* SimpleAFSample */ = {
			isa = PBXNativeTarget;
			buildConfigurationList = 5EB9783A1BA2DC1C005F70C7 /* Build configuration list for PBXNativeTarget "SimpleAFSample" */;
			buildPhases = (
				68DBB0D5A6D81E61BAE4B476 /* Check Pods Manifest.lock */,
				5EB978131BA2DC1C005F70C7 /* Sources */,
				5EB978141BA2DC1C005F70C7 /* Frameworks */,
				5EB978151BA2DC1C005F70C7 /* Resources */,
				C0F009488CA11DFBE14940B1 /* Copy Pods Resources */,
			);
			buildRules = (
			);
			dependencies = (
			);
			name = SimpleAFSample;
			productName = SimpleAFSample;
			productReference = 5EB978171BA2DC1C005F70C7 /* SimpleAFSample.app */;
			productType = "com.apple.product-type.application";
		};
		5EB9782F1BA2DC1C005F70C7 /* SimpleAFSampleTests */ = {
			isa = PBXNativeTarget;
			buildConfigurationList = 5EB9783D1BA2DC1C005F70C7 /* Build configuration list for PBXNativeTarget "SimpleAFSampleTests" */;
			buildPhases = (
				5EB9782C1BA2DC1C005F70C7 /* Sources */,
				5EB9782D1BA2DC1C005F70C7 /* Frameworks */,
				5EB9782E1BA2DC1C005F70C7 /* Resources */,
			);
			buildRules = (
			);
			dependencies = (
				5EB978321BA2DC1C005F70C7 /* PBXTargetDependency */,
			);
			name = SimpleAFSampleTests;
			productName = SimpleAFSampleTests;
			productReference = 5EB978301BA2DC1C005F70C7 /* SimpleAFSampleTests.xctest */;
			productType = "com.apple.product-type.bundle.unit-test";
		};
/* End PBXNativeTarget section */

/* Begin PBXProject section */
		5EB9780F1BA2DC1C005F70C7 /* Project object */ = {
			isa = PBXProject;
			attributes = {
				LastUpgradeCheck = 0640;
				ORGANIZATIONNAME = "Kentaro Matsumae";
				TargetAttributes = {
					5EB978161BA2DC1C005F70C7 = {
						CreatedOnToolsVersion = 6.4;
					};
					5EB9782F1BA2DC1C005F70C7 = {
						CreatedOnToolsVersion = 6.4;
						TestTargetID = 5EB978161BA2DC1C005F70C7;
					};
				};
			};
			buildConfigurationList = 5EB978121BA2DC1C005F70C7 /* Build configuration list for PBXProject "SimpleAFSample" */;
			compatibilityVersion = "Xcode 3.2";
			developmentRegion = English;
			hasScannedForEncodings = 0;
			knownRegions = (
				en,
				Base,
			);
			mainGroup = 5EB9780E1BA2DC1C005F70C7;
			productRefGroup = 5EB978181BA2DC1C005F70C7 /* Products */;
			projectDirPath = "";
			projectRoot = "";
			targets = (
				5EB978161BA2DC1C005F70C7 /* SimpleAFSample */,
				5EB9782F1BA2DC1C005F70C7 /* SimpleAFSampleTests */,
			);
		};
/* End PBXProject section */

/* Begin PBXResourcesBuildPhase section */
		5EB978151BA2DC1C005F70C7 /* Resources */ = {
			isa = PBXResourcesBuildPhase;
			buildActionMask = 2147483647;
			files = (
				5EB978261BA2DC1C005F70C7 /* Main.storyboard in Resources */,
				5EB9782B1BA2DC1C005F70C7 /* LaunchScreen.xib in Resources */,
				5EB978281BA2DC1C005F70C7 /* Images.xcassets in Resources */,
			);
			runOnlyForDeploymentPostprocessing = 0;
		};
		5EB9782E1BA2DC1C005F70C7 /* Resources */ = {
			isa = PBXResourcesBuildPhase;
			buildActionMask = 2147483647;
			files = (
			);
			runOnlyForDeploymentPostprocessing = 0;
		};
/* End PBXResourcesBuildPhase section */

/* Begin PBXShellScriptBuildPhase section */
		68DBB0D5A6D81E61BAE4B476 /* Check Pods Manifest.lock */ = {
			isa = PBXShellScriptBuildPhase;
			buildActionMask = 2147483647;
			files = (
			);
			inputPaths = (
			);
			name = "Check Pods Manifest.lock";
			outputPaths = (
			);
			runOnlyForDeploymentPostprocessing = 0;
			shellPath = /bin/sh;
			shellScript = "diff \"${PODS_ROOT}/../Podfile.lock\" \"${PODS_ROOT}/Manifest.lock\" > /dev/null\nif [[ $? != 0 ]] ; then\n    cat << EOM\nerror: The sandbox is not in sync with the Podfile.lock. Run 'pod install' or update your CocoaPods installation.\nEOM\n    exit 1\nfi\n";
			showEnvVarsInLog = 0;
		};
		C0F009488CA11DFBE14940B1 /* Copy Pods Resources */ = {
			isa = PBXShellScriptBuildPhase;
			buildActionMask = 2147483647;
			files = (
			);
			inputPaths = (
			);
			name = "Copy Pods Resources";
			outputPaths = (
			);
			runOnlyForDeploymentPostprocessing = 0;
			shellPath = /bin/sh;
			shellScript = "\"${SRCROOT}/Pods/Target Support Files/Pods-SimpleAFSample/Pods-SimpleAFSample-resources.sh\"\n";
			showEnvVarsInLog = 0;
		};
/* End PBXShellScriptBuildPhase section */

/* Begin PBXSourcesBuildPhase section */
		5EB978131BA2DC1C005F70C7 /* Sources */ = {
			isa = PBXSourcesBuildPhase;
			buildActionMask = 2147483647;
			files = (
				5EB978231BA2DC1C005F70C7 /* ViewController.m in Sources */,
				5EB978201BA2DC1C005F70C7 /* AppDelegate.m in Sources */,
				5EB9781D1BA2DC1C005F70C7 /* main.m in Sources */,
			);
			runOnlyForDeploymentPostprocessing = 0;
		};
		5EB9782C1BA2DC1C005F70C7 /* Sources */ = {
			isa = PBXSourcesBuildPhase;
			buildActionMask = 2147483647;
			files = (
				5EB978371BA2DC1C005F70C7 /* SimpleAFSampleTests.m in Sources */,
			);
			runOnlyForDeploymentPostprocessing = 0;
		};
/* End PBXSourcesBuildPhase section */

/* Begin PBXTargetDependency section */
		5EB978321BA2DC1C005F70C7 /* PBXTargetDependency */ = {
			isa = PBXTargetDependency;
			target = 5EB978161BA2DC1C005F70C7 /* SimpleAFSample */;
			targetProxy = 5EB978311BA2DC1C005F70C7 /* PBXContainerItemProxy */;
		};
/* End PBXTargetDependency section */

/* Begin PBXVariantGroup section */
		5EB978241BA2DC1C005F70C7 /* Main.storyboard */ = {
			isa = PBXVariantGroup;
			children = (
				5EB978251BA2DC1C005F70C7 /* Base */,
			);
			name = Main.storyboard;
			sourceTree = "<group>";
		};
		5EB978291BA2DC1C005F70C7 /* LaunchScreen.xib */ = {
			isa = PBXVariantGroup;
			children = (
				5EB9782A1BA2DC1C005F70C7 /* Base */,
			);
			name = LaunchScreen.xib;
			sourceTree = "<group>";
		};
/* End PBXVariantGroup section */

/* Begin XCBuildConfiguration section */
		5EB978381BA2DC1C005F70C7 /* Debug */ = {
			isa = XCBuildConfiguration;
			buildSettings = {
				ALWAYS_SEARCH_USER_PATHS = NO;
				CLANG_CXX_LANGUAGE_STANDARD = "gnu++0x";
				CLANG_CXX_LIBRARY = "libc++";
				CLANG_ENABLE_MODULES = YES;
				CLANG_ENABLE_OBJC_ARC = YES;
				CLANG_WARN_BOOL_CONVERSION = YES;
				CLANG_WARN_CONSTANT_CONVERSION = YES;
				CLANG_WARN_DIRECT_OBJC_ISA_USAGE = YES_ERROR;
				CLANG_WARN_EMPTY_BODY = YES;
				CLANG_WARN_ENUM_CONVERSION = YES;
				CLANG_WARN_INT_CONVERSION = YES;
				CLANG_WARN_OBJC_ROOT_CLASS = YES_ERROR;
				CLANG_WARN_UNREACHABLE_CODE = YES;
				CLANG_WARN__DUPLICATE_METHOD_MATCH = YES;
				"CODE_SIGN_IDENTITY[sdk=iphoneos*]" = "iPhone Developer";
				COPY_PHASE_STRIP = NO;
				DEBUG_INFORMATION_FORMAT = "dwarf-with-dsym";
				ENABLE_STRICT_OBJC_MSGSEND = YES;
				GCC_C_LANGUAGE_STANDARD = gnu99;
				GCC_DYNAMIC_NO_PIC = NO;
				GCC_NO_COMMON_BLOCKS = YES;
				GCC_OPTIMIZATION_LEVEL = 0;
				GCC_PREPROCESSOR_DEFINITIONS = (
					"DEBUG=1",
					"$(inherited)",
				);
				GCC_SYMBOLS_PRIVATE_EXTERN = NO;
				GCC_WARN_64_TO_32_BIT_CONVERSION = YES;
				GCC_WARN_ABOUT_RETURN_TYPE = YES_ERROR;
				GCC_WARN_UNDECLARED_SELECTOR = YES;
				GCC_WARN_UNINITIALIZED_AUTOS = YES_AGGRESSIVE;
				GCC_WARN_UNUSED_FUNCTION = YES;
				GCC_WARN_UNUSED_VARIABLE = YES;
				IPHONEOS_DEPLOYMENT_TARGET = 8.4;
				MTL_ENABLE_DEBUG_INFO = YES;
				ONLY_ACTIVE_ARCH = YES;
				SDKROOT = iphoneos;
				TARGETED_DEVICE_FAMILY = "1,2";
			};
			name = Debug;
		};
		5EB978391BA2DC1C005F70C7 /* Release */ = {
			isa = XCBuildConfiguration;
			buildSettings = {
				ALWAYS_SEARCH_USER_PATHS = NO;
				CLANG_CXX_LANGUAGE_STANDARD = "gnu++0x";
				CLANG_CXX_LIBRARY = "libc++";
				CLANG_ENABLE_MODULES = YES;
				CLANG_ENABLE_OBJC_ARC = YES;
				CLANG_WARN_BOOL_CONVERSION = YES;
				CLANG_WARN_CONSTANT_CONVERSION = YES;
				CLANG_WARN_DIRECT_OBJC_ISA_USAGE = YES_ERROR;
				CLANG_WARN_EMPTY_BODY = YES;
				CLANG_WARN_ENUM_CONVERSION = YES;
				CLANG_WARN_INT_CONVERSION = YES;
				CLANG_WARN_OBJC_ROOT_CLASS = YES_ERROR;
				CLANG_WARN_UNREACHABLE_CODE = YES;
				CLANG_WARN__DUPLICATE_METHOD_MATCH = YES;
				"CODE_SIGN_IDENTITY[sdk=iphoneos*]" = "iPhone Developer";
				COPY_PHASE_STRIP = NO;
				DEBUG_INFORMATION_FORMAT = "dwarf-with-dsym";
				ENABLE_NS_ASSERTIONS = NO;
				ENABLE_STRICT_OBJC_MSGSEND = YES;
				GCC_C_LANGUAGE_STANDARD = gnu99;
				GCC_NO_COMMON_BLOCKS = YES;
				GCC_WARN_64_TO_32_BIT_CONVERSION = YES;
				GCC_WARN_ABOUT_RETURN_TYPE = YES_ERROR;
				GCC_WARN_UNDECLARED_SELECTOR = YES;
				GCC_WARN_UNINITIALIZED_AUTOS = YES_AGGRESSIVE;
				GCC_WARN_UNUSED_FUNCTION = YES;
				GCC_WARN_UNUSED_VARIABLE = YES;
				IPHONEOS_DEPLOYMENT_TARGET = 8.4;
				MTL_ENABLE_DEBUG_INFO = NO;
				SDKROOT = iphoneos;
				TARGETED_DEVICE_FAMILY = "1,2";
				VALIDATE_PRODUCT = YES;
			};
			name = Release;
		};
		5EB9783B1BA2DC1C005F70C7 /* Debug */ = {
			isa = XCBuildConfiguration;
			baseConfigurationReference = 87DACB4925C5AE99EEEB3951 /* Pods-SimpleAFSample.debug.xcconfig */;
			buildSettings = {
				ASSETCATALOG_COMPILER_APPICON_NAME = AppIcon;
				CODE_SIGN_IDENTITY = "iPhone Developer";
				INFOPLIST_FILE = SimpleAFSample/Info.plist;
				LD_RUNPATH_SEARCH_PATHS = "$(inherited) @executable_path/Frameworks";
				PRODUCT_NAME = "$(TARGET_NAME)";
			};
			name = Debug;
		};
		5EB9783C1BA2DC1C005F70C7 /* Release */ = {
			isa = XCBuildConfiguration;
			baseConfigurationReference = 3D32A562F8649C230DF0EF9A /* Pods-SimpleAFSample.release.xcconfig */;
			buildSettings = {
				ASSETCATALOG_COMPILER_APPICON_NAME = AppIcon;
				CODE_SIGN_IDENTITY = "iPhone Distribution";
				INFOPLIST_FILE = SimpleAFSample/Info.plist;
				LD_RUNPATH_SEARCH_PATHS = "$(inherited) @executable_path/Frameworks";
				PRODUCT_NAME = "$(TARGET_NAME)";
				PROVISIONING_PROFILE = "";
			};
			name = Release;
		};
		5EB9783E1BA2DC1C005F70C7 /* Debug */ = {
			isa = XCBuildConfiguration;
			buildSettings = {
				BUNDLE_LOADER = "$(TEST_HOST)";
				FRAMEWORK_SEARCH_PATHS = (
					"$(SDKROOT)/Developer/Library/Frameworks",
					"$(inherited)",
				);
				GCC_PREPROCESSOR_DEFINITIONS = (
					"DEBUG=1",
					"$(inherited)",
				);
				INFOPLIST_FILE = SimpleAFSampleTests/Info.plist;
				LD_RUNPATH_SEARCH_PATHS = "$(inherited) @executable_path/Frameworks @loader_path/Frameworks";
				PRODUCT_NAME = "$(TARGET_NAME)";
				TEST_HOST = "$(BUILT_PRODUCTS_DIR)/SimpleAFSample.app/SimpleAFSample";
			};
			name = Debug;
		};
		5EB9783F1BA2DC1C005F70C7 /* Release */ = {
			isa = XCBuildConfiguration;
			buildSettings = {
				BUNDLE_LOADER = "$(TEST_HOST)";
				FRAMEWORK_SEARCH_PATHS = (
					"$(SDKROOT)/Developer/Library/Frameworks",
					"$(inherited)",
				);
				INFOPLIST_FILE = SimpleAFSampleTests/Info.plist;
				LD_RUNPATH_SEARCH_PATHS = "$(inherited) @executable_path/Frameworks @loader_path/Frameworks";
				PRODUCT_NAME = "$(TARGET_NAME)";
				TEST_HOST = "$(BUILT_PRODUCTS_DIR)/SimpleAFSample.app/SimpleAFSample";
			};
			name = Release;
		};
/* End XCBuildConfiguration section */

/* Begin XCConfigurationList section */
		5EB978121BA2DC1C005F70C7 /* Build configuration list for PBXProject "SimpleAFSample" */ = {
			isa = XCConfigurationList;
			buildConfigurations = (
				5EB978381BA2DC1C005F70C7 /* Debug */,
				5EB978391BA2DC1C005F70C7 /* Release */,
			);
			defaultConfigurationIsVisible = 0;
			defaultConfigurationName = Release;
		};
		5EB9783A1BA2DC1C005F70C7 /* Build configuration list for PBXNativeTarget "SimpleAFSample" */ = {
			isa = XCConfigurationList;
			buildConfigurations = (
				5EB9783B1BA2DC1C005F70C7 /* Debug */,
				5EB9783C1BA2DC1C005F70C7 /* Release */,
			);
			defaultConfigurationIsVisible = 0;
			defaultConfigurationName = Release;
		};
		5EB9783D1BA2DC1C005F70C7 /* Build configuration list for PBXNativeTarget "SimpleAFSampleTests" */ = {
			isa = XCConfigurationList;
			buildConfigurations = (
				5EB9783E1BA2DC1C005F70C7 /* Debug */,
				5EB9783F1BA2DC1C005F70C7 /* Release */,
			);
			defaultConfigurationIsVisible = 0;
			defaultConfigurationName = Release;
		};
/* End XCConfigurationList section */
	};
	rootObject = 5EB9780F1BA2DC1C005F70C7 /* Project object */;
}
